
Microsoft Visual Studio Solution File, Format Version 12.00
# Visual Studio Version 17
VisualStudioVersion = 17.7.34024.191
MinimumVisualStudioVersion = 10.0.40219.1
Project("{FAE04EC0-301F-11D3-BF4B-00C04F79EFBC}") = "Oppgave2", "Oppgave2.csproj", "{64226B59-7D6B-481E-BEE6-EDA2D7547B25}"
EndProject
Global
	GlobalSection(SolutionConfigurationPlatforms) = preSolution
		Debug|Any CPU = Debug|Any CPU
		Release|Any CPU = Release|Any CPU
	EndGlobalSection
	GlobalSection(ProjectConfigurationPlatforms) = postSolution
		{64226B59-7D6B-481E-BEE6-EDA2D7547B25}.Debug|Any CPU.ActiveCfg = Debug|Any CPU
		{64226B59-7D6B-481E-BEE6-EDA2D7547B25}.Debug|Any CPU.Build.0 = Debug|Any CPU
		{64226B59-7D6B-481E-BEE6-EDA2D7547B25}.Release|Any CPU.ActiveCfg = Release|Any CPU
		{64226B59-7D6B-481E-BEE6-EDA2D7547B25}.Release|Any CPU.Build.0 = Release|Any CPU
	EndGlobalSection
	GlobalSection(SolutionProperties) = preSolution
		HideSolutionNode = FALSE
	EndGlobalSection
	GlobalSection(ExtensibilityGlobals) = postSolution
		SolutionGuid = {700F4C56-2426-47BB-8B74-D08DAC7CAC12}
	EndGlobalSection
EndGlobal
